// !$*UTF8*$!
{
	archiveVersion = 1;
	classes = {};
	objectVersion = 56;
	objects = {

/* Begin PBXBuildFile section */
		000000000000000000000561 /* LiveTarsCodec.swift in Sources */ = {isa = PBXBuildFile; fileRef = 000000000000000000000560 /* LiveTarsCodec.swift */; };
		000000000000000000000563 /* LiveProtoWire.swift in Sources */ = {isa = PBXBuildFile; fileRef = 000000000000000000000562 /* LiveProtoWire.swift */; };
		000000000000000000000565 /* webmssdk.js in Resources */ = {isa = PBXBuildFile; fileRef = 000000000000000000000564 /* webmssdk.js */; };
		000000000000000000000551 /* LiveDanmakuService.swift in Sources */ = {isa = PBXBuildFile; fileRef = 000000000000000000000552 /* LiveDanmakuService.swift */; };
		000000000000000000000541 /* HuyaLiveService.swift in Sources */ = {isa = PBXBuildFile; fileRef = 000000000000000000000540 /* HuyaLiveService.swift */; };
		000000000000000000000543 /* DouyuLiveService.swift in Sources */ = {isa = PBXBuildFile; fileRef = 000000000000000000000542 /* DouyuLiveService.swift */; };
		000000000000000000000545 /* DouyinLiveService.swift in Sources */ = {isa = PBXBuildFile; fileRef = 000000000000000000000544 /* DouyinLiveService.swift */; };
		000000000000000000000547 /* KuaishouLiveService.swift in Sources */ = {isa = PBXBuildFile; fileRef = 000000000000000000000546 /* KuaishouLiveService.swift */; };
		000000000000000000000549 /* LiveJSEngine.swift in Sources */ = {isa = PBXBuildFile; fileRef = 000000000000000000000548 /* LiveJSEngine.swift */; };
		00000000000000000000054B /* LiveCryptoMD5.swift in Sources */ = {isa = PBXBuildFile; fileRef = 00000000000000000000054A /* LiveCryptoMD5.swift */; };
		000000000000000000000573 /* LiveFollowStore.swift in Sources */ = {isa = PBXBuildFile; fileRef = 000000000000000000000572 /* LiveFollowStore.swift */; };
		00000000000000000000054D /* cryptojs.js in Resources */ = {isa = PBXBuildFile; fileRef = 00000000000000000000054C /* cryptojs.js */; };
		00000000000000000000054F /* abogus.js in Resources */ = {isa = PBXBuildFile; fileRef = 00000000000000000000054E /* abogus.js */; };
		000000000000000000000102 /* PersonalToolboxApp.swift in Sources */ = {isa = PBXBuildFile; fileRef = 000000000000000000000101 /* PersonalToolboxApp.swift */; };
		000000000000000000000104 /* RootTabView.swift in Sources */ = {isa = PBXBuildFile; fileRef = 000000000000000000000103 /* RootTabView.swift */; };
		000000000000000000000106 /* AppSettings.swift in Sources */ = {isa = PBXBuildFile; fileRef = 000000000000000000000105 /* AppSettings.swift */; };
		000000000000000000000108 /* BiometricAuth.swift in Sources */ = {isa = PBXBuildFile; fileRef = 000000000000000000000107 /* BiometricAuth.swift */; };
		00000000000000000000010A /* Haptics.swift in Sources */ = {isa = PBXBuildFile; fileRef = 000000000000000000000109 /* Haptics.swift */; };
		0000000000000000000001C9 /* LocalNotifier.swift in Sources */ = {isa = PBXBuildFile; fileRef = 0000000000000000000001C8 /* LocalNotifier.swift */; };
		0000000000000000000001CB /* SystemVideoPlayer.swift in Sources */ = {isa = PBXBuildFile; fileRef = 0000000000000000000001CA /* SystemVideoPlayer.swift */; };
		00000000000000000000010C /* KeychainStore.swift in Sources */ = {isa = PBXBuildFile; fileRef = 00000000000000000000010B /* KeychainStore.swift */; };
		00000000000000000000010E /* NetworkClient.swift in Sources */ = {isa = PBXBuildFile; fileRef = 00000000000000000000010D /* NetworkClient.swift */; };
		000000000000000000000110 /* SSEParser.swift in Sources */ = {isa = PBXBuildFile; fileRef = 00000000000000000000010F /* SSEParser.swift */; };
		000000000000000000000112 /* ChatListView.swift in Sources */ = {isa = PBXBuildFile; fileRef = 000000000000000000000111 /* ChatListView.swift */; };
		000000000000000000000114 /* ChatThreadView.swift in Sources */ = {isa = PBXBuildFile; fileRef = 000000000000000000000113 /* ChatThreadView.swift */; };
		000000000000000000000116 /* ChatViewModel.swift in Sources */ = {isa = PBXBuildFile; fileRef = 000000000000000000000115 /* ChatViewModel.swift */; };
		000000000000000000000118 /* ImagineComposeView.swift in Sources */ = {isa = PBXBuildFile; fileRef = 000000000000000000000117 /* ImagineComposeView.swift */; };
		00000000000000000000011A /* ImagineViewModel.swift in Sources */ = {isa = PBXBuildFile; fileRef = 000000000000000000000119 /* ImagineViewModel.swift */; };
		00000000000000000000011C /* MediaBubbleView.swift in Sources */ = {isa = PBXBuildFile; fileRef = 00000000000000000000011B /* MediaBubbleView.swift */; };
		00000000000000000000011E /* DownloadHomeView.swift in Sources */ = {isa = PBXBuildFile; fileRef = 00000000000000000000011D /* DownloadHomeView.swift */; };
		000000000000000000000120 /* DownloadViewModel.swift in Sources */ = {isa = PBXBuildFile; fileRef = 00000000000000000000011F /* DownloadViewModel.swift */; };
		000000000000000000000122 /* FilesListView.swift in Sources */ = {isa = PBXBuildFile; fileRef = 000000000000000000000121 /* FilesListView.swift */; };
		000000000000000000000124 /* TaskRowView.swift in Sources */ = {isa = PBXBuildFile; fileRef = 000000000000000000000123 /* TaskRowView.swift */; };
		000000000000000000000126 /* KomariHomeView.swift in Sources */ = {isa = PBXBuildFile; fileRef = 000000000000000000000125 /* KomariHomeView.swift */; };
		000000000000000000000128 /* KomariViewModel.swift in Sources */ = {isa = PBXBuildFile; fileRef = 000000000000000000000127 /* KomariViewModel.swift */; };
		00000000000000000000012A /* MonitorHomeView.swift in Sources */ = {isa = PBXBuildFile; fileRef = 000000000000000000000129 /* MonitorHomeView.swift */; };
		00000000000000000000012C /* MonitorViewModel.swift in Sources */ = {isa = PBXBuildFile; fileRef = 00000000000000000000012B /* MonitorViewModel.swift */; };
		00000000000000000000012E /* ServicesHubView.swift in Sources */ = {isa = PBXBuildFile; fileRef = 00000000000000000000012D /* ServicesHubView.swift */; };
		000000000000000000000130 /* ServiceProbeRow.swift in Sources */ = {isa = PBXBuildFile; fileRef = 00000000000000000000012F /* ServiceProbeRow.swift */; };
		000000000000000000000132 /* SettingsView.swift in Sources */ = {isa = PBXBuildFile; fileRef = 000000000000000000000131 /* SettingsView.swift */; };
		000000000000000000000134 /* SettingsViewModel.swift in Sources */ = {isa = PBXBuildFile; fileRef = 000000000000000000000133 /* SettingsViewModel.swift */; };
		000000000000000000000136 /* SublinkHomeView.swift in Sources */ = {isa = PBXBuildFile; fileRef = 000000000000000000000135 /* SublinkHomeView.swift */; };
		000000000000000000000138 /* SublinkViewModel.swift in Sources */ = {isa = PBXBuildFile; fileRef = 000000000000000000000137 /* SublinkViewModel.swift */; };
		00000000000000000000013A /* AdminModels.swift in Sources */ = {isa = PBXBuildFile; fileRef = 000000000000000000000139 /* AdminModels.swift */; };
		00000000000000000000013C /* ChatModels.swift in Sources */ = {isa = PBXBuildFile; fileRef = 00000000000000000000013B /* ChatModels.swift */; };
		00000000000000000000013E /* ConversationEntity.swift in Sources */ = {isa = PBXBuildFile; fileRef = 00000000000000000000013D /* ConversationEntity.swift */; };
		000000000000000000000140 /* DownloadModels.swift in Sources */ = {isa = PBXBuildFile; fileRef = 00000000000000000000013F /* DownloadModels.swift */; };
		000000000000000000000142 /* KomariModels.swift in Sources */ = {isa = PBXBuildFile; fileRef = 000000000000000000000141 /* KomariModels.swift */; };
		000000000000000000000144 /* SublinkModels.swift in Sources */ = {isa = PBXBuildFile; fileRef = 000000000000000000000143 /* SublinkModels.swift */; };
		000000000000000000000146 /* ConversationStore.swift in Sources */ = {isa = PBXBuildFile; fileRef = 000000000000000000000145 /* ConversationStore.swift */; };
		000000000000000000000148 /* ImagineService.swift in Sources */ = {isa = PBXBuildFile; fileRef = 000000000000000000000147 /* ImagineService.swift */; };
		00000000000000000000014A /* KomariService.swift in Sources */ = {isa = PBXBuildFile; fileRef = 000000000000000000000149 /* KomariService.swift */; };
		00000000000000000000014C /* Sub2APIService.swift in Sources */ = {isa = PBXBuildFile; fileRef = 00000000000000000000014B /* Sub2APIService.swift */; };
		00000000000000000000014E /* Sub2AdminService.swift in Sources */ = {isa = PBXBuildFile; fileRef = 00000000000000000000014D /* Sub2AdminService.swift */; };
		000000000000000000000150 /* SublinkService.swift in Sources */ = {isa = PBXBuildFile; fileRef = 00000000000000000000014F /* SublinkService.swift */; };
		000000000000000000000152 /* YTService.swift in Sources */ = {isa = PBXBuildFile; fileRef = 000000000000000000000151 /* YTService.swift */; };
		0000000000000000000001C3 /* DouyinService.swift in Sources */ = {isa = PBXBuildFile; fileRef = 0000000000000000000001C2 /* DouyinService.swift */; };
		0000000000000000000001C5 /* SelectableNavTitle.swift in Sources */ = {isa = PBXBuildFile; fileRef = 0000000000000000000001C4 /* SelectableNavTitle.swift */; };
		0000000000000000000001C7 /* MonitorShellView.swift in Sources */ = {isa = PBXBuildFile; fileRef = 0000000000000000000001C6 /* MonitorShellView.swift */; };
		000000000000000000000154 /* AppleTheme.swift in Sources */ = {isa = PBXBuildFile; fileRef = 000000000000000000000153 /* AppleTheme.swift */; };
		000000000000000000000156 /* ServiceBrandIcon.swift in Sources */ = {isa = PBXBuildFile; fileRef = 000000000000000000000155 /* ServiceBrandIcon.swift */; };
		000000000000000000000161 /* AnniversaryModels.swift in Sources */ = {isa = PBXBuildFile; fileRef = 000000000000000000000160 /* AnniversaryModels.swift */; };
		000000000000000000000163 /* AnniversaryDateUtils.swift in Sources */ = {isa = PBXBuildFile; fileRef = 000000000000000000000162 /* AnniversaryDateUtils.swift */; };
		000000000000000000000165 /* AnniversaryStore.swift in Sources */ = {isa = PBXBuildFile; fileRef = 000000000000000000000164 /* AnniversaryStore.swift */; };
		000000000000000000000167 /* AnniversaryHomeView.swift in Sources */ = {isa = PBXBuildFile; fileRef = 000000000000000000000166 /* AnniversaryHomeView.swift */; };
		000000000000000000000169 /* AnniversaryEditors.swift in Sources */ = {isa = PBXBuildFile; fileRef = 000000000000000000000168 /* AnniversaryEditors.swift */; };
		000000000000000000000171 /* QRAssistantModels.swift in Sources */ = {isa = PBXBuildFile; fileRef = 000000000000000000000170 /* QRAssistantModels.swift */; };
		000000000000000000000173 /* QRCodeToolkit.swift in Sources */ = {isa = PBXBuildFile; fileRef = 000000000000000000000172 /* QRCodeToolkit.swift */; };
		000000000000000000000175 /* QRAssistantStore.swift in Sources */ = {isa = PBXBuildFile; fileRef = 000000000000000000000174 /* QRAssistantStore.swift */; };
		000000000000000000000177 /* QRAssistantHomeView.swift in Sources */ = {isa = PBXBuildFile; fileRef = 000000000000000000000176 /* QRAssistantHomeView.swift */; };
		000000000000000000000179 /* QRScannerViews.swift in Sources */ = {isa = PBXBuildFile; fileRef = 000000000000000000000178 /* QRScannerViews.swift */; };
		00000000000000000000017B /* QRRedirectConfigView.swift in Sources */ = {isa = PBXBuildFile; fileRef = 00000000000000000000017A /* QRRedirectConfigView.swift */; };
		000000000000000000000181 /* TranslatorModels.swift in Sources */ = {isa = PBXBuildFile; fileRef = 000000000000000000000180 /* TranslatorModels.swift */; };
		000000000000000000000183 /* TranslatorService.swift in Sources */ = {isa = PBXBuildFile; fileRef = 000000000000000000000182 /* TranslatorService.swift */; };
		000000000000000000000185 /* TranslatorStore.swift in Sources */ = {isa = PBXBuildFile; fileRef = 000000000000000000000184 /* TranslatorStore.swift */; };
		000000000000000000000187 /* TranslatorHomeView.swift in Sources */ = {isa = PBXBuildFile; fileRef = 000000000000000000000186 /* TranslatorHomeView.swift */; };
		000000000000000000000189 /* TranslatorSettingsView.swift in Sources */ = {isa = PBXBuildFile; fileRef = 000000000000000000000188 /* TranslatorSettingsView.swift */; };
		000000000000000000000191 /* CloudflareModels.swift in Sources */ = {isa = PBXBuildFile; fileRef = 000000000000000000000190 /* CloudflareModels.swift */; };
		000000000000000000000193 /* CloudflareService.swift in Sources */ = {isa = PBXBuildFile; fileRef = 000000000000000000000192 /* CloudflareService.swift */; };
		000000000000000000000195 /* CloudflareHomeView.swift in Sources */ = {isa = PBXBuildFile; fileRef = 000000000000000000000194 /* CloudflareHomeView.swift */; };
		000000000000000000000197 /* CloudflareZoneDetailView.swift in Sources */ = {isa = PBXBuildFile; fileRef = 000000000000000000000196 /* CloudflareZoneDetailView.swift */; };
		0000000000000000000001A1 /* CLSModels.swift in Sources */ = {isa = PBXBuildFile; fileRef = 0000000000000000000001A0 /* CLSModels.swift */; };
		0000000000000000000001A3 /* CLSNewsService.swift in Sources */ = {isa = PBXBuildFile; fileRef = 0000000000000000000001A2 /* CLSNewsService.swift */; };
		0000000000000000000001A5 /* CLSNewsHomeView.swift in Sources */ = {isa = PBXBuildFile; fileRef = 0000000000000000000001A4 /* CLSNewsHomeView.swift */; };
		0000000000000000000001B1 /* IPCheckModels.swift in Sources */ = {isa = PBXBuildFile; fileRef = 0000000000000000000001B0 /* IPCheckModels.swift */; };
		0000000000000000000001B3 /* IPCheckService.swift in Sources */ = {isa = PBXBuildFile; fileRef = 0000000000000000000001B2 /* IPCheckService.swift */; };
		0000000000000000000001B5 /* IPCheckHomeView.swift in Sources */ = {isa = PBXBuildFile; fileRef = 0000000000000000000001B4 /* IPCheckHomeView.swift */; };
		000000000000000000000208 /* Assets.xcassets in Resources */ = {isa = PBXBuildFile; fileRef = 000000000000000000000200 /* Assets.xcassets */; };
		000000000000000000000505 /* LocalJSONStore.swift in Sources */ = {isa = PBXBuildFile; fileRef = 000000000000000000000504 /* LocalJSONStore.swift */; };
		000000000000000000000507 /* ActionRouter.swift in Sources */ = {isa = PBXBuildFile; fileRef = 000000000000000000000506 /* ActionRouter.swift */; };
		000000000000000000000509 /* PasswordGenerator.swift in Sources */ = {isa = PBXBuildFile; fileRef = 000000000000000000000508 /* PasswordGenerator.swift */; };
		00000000000000000000050B /* ClipboardStore.swift in Sources */ = {isa = PBXBuildFile; fileRef = 00000000000000000000050A /* ClipboardStore.swift */; };
		00000000000000000000050D /* ServiceHealthService.swift in Sources */ = {isa = PBXBuildFile; fileRef = 00000000000000000000050C /* ServiceHealthService.swift */; };
		00000000000000000000050F /* RSSStore.swift in Sources */ = {isa = PBXBuildFile; fileRef = 00000000000000000000050E /* RSSStore.swift */; };
		000000000000000000000511 /* HabitTodoStore.swift in Sources */ = {isa = PBXBuildFile; fileRef = 000000000000000000000510 /* HabitTodoStore.swift */; };
		000000000000000000000513 /* MarketQuotesService.swift in Sources */ = {isa = PBXBuildFile; fileRef = 000000000000000000000512 /* MarketQuotesService.swift */; };
		000000000000000000000515 /* ExpressService.swift in Sources */ = {isa = PBXBuildFile; fileRef = 000000000000000000000514 /* ExpressService.swift */; };
		000000000000000000000517 /* ToolsHomeViews.swift in Sources */ = {isa = PBXBuildFile; fileRef = 000000000000000000000516 /* ToolsHomeViews.swift */; };

		00000000000000000000051D /* ShareViewController.swift in Sources */ = {isa = PBXBuildFile; fileRef = 000000000000000000000519 /* ShareViewController.swift */; };
		00000000000000000000051F /* ShareExtension.appex in Embed Foundation Extensions */ = {isa = PBXBuildFile; fileRef = 00000000000000000000051C /* ShareExtension.appex */; settings = {ATTRIBUTES = (RemoveHeadersOnCopy, ); }; };
		00000000000000000000052C /* ShareHandoff.swift in Sources */ = {isa = PBXBuildFile; fileRef = 00000000000000000000052B /* ShareHandoff.swift */; };
		00000000000000000000052D /* ShareHandoff.swift in Sources */ = {isa = PBXBuildFile; fileRef = 00000000000000000000052B /* ShareHandoff.swift */; };
		00000000000000000000052F /* LiveModels.swift in Sources */ = {isa = PBXBuildFile; fileRef = 00000000000000000000052E /* LiveModels.swift */; };
		000000000000000000000531 /* BilibiliLiveService.swift in Sources */ = {isa = PBXBuildFile; fileRef = 000000000000000000000530 /* BilibiliLiveService.swift */; };
		000000000000000000000533 /* LiveHomeView.swift in Sources */ = {isa = PBXBuildFile; fileRef = 000000000000000000000532 /* LiveHomeView.swift */; };
		000000000000000000000571 /* LiveRoomView.swift in Sources */ = {isa = PBXBuildFile; fileRef = 000000000000000000000570 /* LiveRoomView.swift */; };
		000000000000000000000581 /* LiveVLCPlayerView.swift in Sources */ = {isa = PBXBuildFile; fileRef = 000000000000000000000580 /* LiveVLCPlayerView.swift */; };
/* End PBXBuildFile section */

/* Begin PBXFileReference section */
		000000000000000000000560 /* LiveTarsCodec.swift */ = {isa = PBXFileReference; lastKnownFileType = sourcecode.swift; path = LiveTarsCodec.swift; sourceTree = "<group>"; };
		000000000000000000000562 /* LiveProtoWire.swift */ = {isa = PBXFileReference; lastKnownFileType = sourcecode.swift; path = LiveProtoWire.swift; sourceTree = "<group>"; };
		000000000000000000000564 /* webmssdk.js */ = {isa = PBXFileReference; lastKnownFileType = sourcecode.javascript; path = webmssdk.js; sourceTree = "<group>"; };
		000000000000000000000552 /* LiveDanmakuService.swift */ = {isa = PBXFileReference; lastKnownFileType = sourcecode.swift; path = LiveDanmakuService.swift; sourceTree = "<group>"; };
		000000000000000000000540 /* HuyaLiveService.swift */ = {isa = PBXFileReference; lastKnownFileType = sourcecode.swift; path = HuyaLiveService.swift; sourceTree = "<group>"; };
		000000000000000000000542 /* DouyuLiveService.swift */ = {isa = PBXFileReference; lastKnownFileType = sourcecode.swift; path = DouyuLiveService.swift; sourceTree = "<group>"; };
		000000000000000000000544 /* DouyinLiveService.swift */ = {isa = PBXFileReference; lastKnownFileType = sourcecode.swift; path = DouyinLiveService.swift; sourceTree = "<group>"; };
		000000000000000000000546 /* KuaishouLiveService.swift */ = {isa = PBXFileReference; lastKnownFileType = sourcecode.swift; path = KuaishouLiveService.swift; sourceTree = "<group>"; };
		000000000000000000000548 /* LiveJSEngine.swift */ = {isa = PBXFileReference; lastKnownFileType = sourcecode.swift; path = LiveJSEngine.swift; sourceTree = "<group>"; };
		00000000000000000000054A /* LiveCryptoMD5.swift */ = {isa = PBXFileReference; lastKnownFileType = sourcecode.swift; path = LiveCryptoMD5.swift; sourceTree = "<group>"; };
		000000000000000000000572 /* LiveFollowStore.swift */ = {isa = PBXFileReference; lastKnownFileType = sourcecode.swift; path = LiveFollowStore.swift; sourceTree = "<group>"; };
		00000000000000000000054C /* cryptojs.js */ = {isa = PBXFileReference; lastKnownFileType = sourcecode.javascript; path = cryptojs.js; sourceTree = "<group>"; };
		00000000000000000000054E /* abogus.js */ = {isa = PBXFileReference; lastKnownFileType = sourcecode.javascript; path = abogus.js; sourceTree = "<group>"; };
		000000000000000000000101 /* PersonalToolboxApp.swift */ = {isa = PBXFileReference; lastKnownFileType = sourcecode.swift; path = PersonalToolboxApp.swift; sourceTree = "<group>"; };
		000000000000000000000103 /* RootTabView.swift */ = {isa = PBXFileReference; lastKnownFileType = sourcecode.swift; path = RootTabView.swift; sourceTree = "<group>"; };
		000000000000000000000105 /* AppSettings.swift */ = {isa = PBXFileReference; lastKnownFileType = sourcecode.swift; path = AppSettings.swift; sourceTree = "<group>"; };
		000000000000000000000107 /* BiometricAuth.swift */ = {isa = PBXFileReference; lastKnownFileType = sourcecode.swift; path = BiometricAuth.swift; sourceTree = "<group>"; };
		000000000000000000000109 /* Haptics.swift */ = {isa = PBXFileReference; lastKnownFileType = sourcecode.swift; path = Haptics.swift; sourceTree = "<group>"; };
		0000000000000000000001C8 /* LocalNotifier.swift */ = {isa = PBXFileReference; lastKnownFileType = sourcecode.swift; path = LocalNotifier.swift; sourceTree = "<group>"; };
		0000000000000000000001CA /* SystemVideoPlayer.swift */ = {isa = PBXFileReference; lastKnownFileType = sourcecode.swift; path = SystemVideoPlayer.swift; sourceTree = "<group>"; };
		00000000000000000000010B /* KeychainStore.swift */ = {isa = PBXFileReference; lastKnownFileType = sourcecode.swift; path = KeychainStore.swift; sourceTree = "<group>"; };
		00000000000000000000010D /* NetworkClient.swift */ = {isa = PBXFileReference; lastKnownFileType = sourcecode.swift; path = NetworkClient.swift; sourceTree = "<group>"; };
		00000000000000000000010F /* SSEParser.swift */ = {isa = PBXFileReference; lastKnownFileType = sourcecode.swift; path = SSEParser.swift; sourceTree = "<group>"; };
		000000000000000000000111 /* ChatListView.swift */ = {isa = PBXFileReference; lastKnownFileType = sourcecode.swift; path = ChatListView.swift; sourceTree = "<group>"; };
		000000000000000000000113 /* ChatThreadView.swift */ = {isa = PBXFileReference; lastKnownFileType = sourcecode.swift; path = ChatThreadView.swift; sourceTree = "<group>"; };
		000000000000000000000115 /* ChatViewModel.swift */ = {isa = PBXFileReference; lastKnownFileType = sourcecode.swift; path = ChatViewModel.swift; sourceTree = "<group>"; };
		000000000000000000000117 /* ImagineComposeView.swift */ = {isa = PBXFileReference; lastKnownFileType = sourcecode.swift; path = ImagineComposeView.swift; sourceTree = "<group>"; };
		000000000000000000000119 /* ImagineViewModel.swift */ = {isa = PBXFileReference; lastKnownFileType = sourcecode.swift; path = ImagineViewModel.swift; sourceTree = "<group>"; };
		00000000000000000000011B /* MediaBubbleView.swift */ = {isa = PBXFileReference; lastKnownFileType = sourcecode.swift; path = MediaBubbleView.swift; sourceTree = "<group>"; };
		00000000000000000000011D /* DownloadHomeView.swift */ = {isa = PBXFileReference; lastKnownFileType = sourcecode.swift; path = DownloadHomeView.swift; sourceTree = "<group>"; };
		00000000000000000000011F /* DownloadViewModel.swift */ = {isa = PBXFileReference; lastKnownFileType = sourcecode.swift; path = DownloadViewModel.swift; sourceTree = "<group>"; };
		000000000000000000000121 /* FilesListView.swift */ = {isa = PBXFileReference; lastKnownFileType = sourcecode.swift; path = FilesListView.swift; sourceTree = "<group>"; };
		000000000000000000000123 /* TaskRowView.swift */ = {isa = PBXFileReference; lastKnownFileType = sourcecode.swift; path = TaskRowView.swift; sourceTree = "<group>"; };
		000000000000000000000125 /* KomariHomeView.swift */ = {isa = PBXFileReference; lastKnownFileType = sourcecode.swift; path = KomariHomeView.swift; sourceTree = "<group>"; };
		000000000000000000000127 /* KomariViewModel.swift */ = {isa = PBXFileReference; lastKnownFileType = sourcecode.swift; path = KomariViewModel.swift; sourceTree = "<group>"; };
		000000000000000000000129 /* MonitorHomeView.swift */ = {isa = PBXFileReference; lastKnownFileType = sourcecode.swift; path = MonitorHomeView.swift; sourceTree = "<group>"; };
		00000000000000000000012B /* MonitorViewModel.swift */ = {isa = PBXFileReference; lastKnownFileType = sourcecode.swift; path = MonitorViewModel.swift; sourceTree = "<group>"; };
		00000000000000000000012D /* ServicesHubView.swift */ = {isa = PBXFileReference; lastKnownFileType = sourcecode.swift; path = ServicesHubView.swift; sourceTree = "<group>"; };
		00000000000000000000012F /* ServiceProbeRow.swift */ = {isa = PBXFileReference; lastKnownFileType = sourcecode.swift; path = ServiceProbeRow.swift; sourceTree = "<group>"; };
		000000000000000000000131 /* SettingsView.swift */ = {isa = PBXFileReference; lastKnownFileType = sourcecode.swift; path = SettingsView.swift; sourceTree = "<group>"; };
		000000000000000000000133 /* SettingsViewModel.swift */ = {isa = PBXFileReference; lastKnownFileType = sourcecode.swift; path = SettingsViewModel.swift; sourceTree = "<group>"; };
		000000000000000000000135 /* SublinkHomeView.swift */ = {isa = PBXFileReference; lastKnownFileType = sourcecode.swift; path = SublinkHomeView.swift; sourceTree = "<group>"; };
		000000000000000000000137 /* SublinkViewModel.swift */ = {isa = PBXFileReference; lastKnownFileType = sourcecode.swift; path = SublinkViewModel.swift; sourceTree = "<group>"; };
		000000000000000000000139 /* AdminModels.swift */ = {isa = PBXFileReference; lastKnownFileType = sourcecode.swift; path = AdminModels.swift; sourceTree = "<group>"; };
		00000000000000000000013B /* ChatModels.swift */ = {isa = PBXFileReference; lastKnownFileType = sourcecode.swift; path = ChatModels.swift; sourceTree = "<group>"; };
		00000000000000000000013D /* ConversationEntity.swift */ = {isa = PBXFileReference; lastKnownFileType = sourcecode.swift; path = ConversationEntity.swift; sourceTree = "<group>"; };
		00000000000000000000013F /* DownloadModels.swift */ = {isa = PBXFileReference; lastKnownFileType = sourcecode.swift; path = DownloadModels.swift; sourceTree = "<group>"; };
		000000000000000000000141 /* KomariModels.swift */ = {isa = PBXFileReference; lastKnownFileType = sourcecode.swift; path = KomariModels.swift; sourceTree = "<group>"; };
		000000000000000000000143 /* SublinkModels.swift */ = {isa = PBXFileReference; lastKnownFileType = sourcecode.swift; path = SublinkModels.swift; sourceTree = "<group>"; };
		000000000000000000000145 /* ConversationStore.swift */ = {isa = PBXFileReference; lastKnownFileType = sourcecode.swift; path = ConversationStore.swift; sourceTree = "<group>"; };
		000000000000000000000147 /* ImagineService.swift */ = {isa = PBXFileReference; lastKnownFileType = sourcecode.swift; path = ImagineService.swift; sourceTree = "<group>"; };
		000000000000000000000149 /* KomariService.swift */ = {isa = PBXFileReference; lastKnownFileType = sourcecode.swift; path = KomariService.swift; sourceTree = "<group>"; };
		00000000000000000000014B /* Sub2APIService.swift */ = {isa = PBXFileReference; lastKnownFileType = sourcecode.swift; path = Sub2APIService.swift; sourceTree = "<group>"; };
		00000000000000000000014D /* Sub2AdminService.swift */ = {isa = PBXFileReference; lastKnownFileType = sourcecode.swift; path = Sub2AdminService.swift; sourceTree = "<group>"; };
		00000000000000000000014F /* SublinkService.swift */ = {isa = PBXFileReference; lastKnownFileType = sourcecode.swift; path = SublinkService.swift; sourceTree = "<group>"; };
		000000000000000000000151 /* YTService.swift */ = {isa = PBXFileReference; lastKnownFileType = sourcecode.swift; path = YTService.swift; sourceTree = "<group>"; };
		0000000000000000000001C2 /* DouyinService.swift */ = {isa = PBXFileReference; lastKnownFileType = sourcecode.swift; path = DouyinService.swift; sourceTree = "<group>"; };
		0000000000000000000001C4 /* SelectableNavTitle.swift */ = {isa = PBXFileReference; lastKnownFileType = sourcecode.swift; path = SelectableNavTitle.swift; sourceTree = "<group>"; };
		0000000000000000000001C6 /* MonitorShellView.swift */ = {isa = PBXFileReference; lastKnownFileType = sourcecode.swift; path = MonitorShellView.swift; sourceTree = "<group>"; };
		000000000000000000000153 /* AppleTheme.swift */ = {isa = PBXFileReference; lastKnownFileType = sourcecode.swift; path = AppleTheme.swift; sourceTree = "<group>"; };
		000000000000000000000155 /* ServiceBrandIcon.swift */ = {isa = PBXFileReference; lastKnownFileType = sourcecode.swift; path = ServiceBrandIcon.swift; sourceTree = "<group>"; };
		000000000000000000000160 /* AnniversaryModels.swift */ = {isa = PBXFileReference; lastKnownFileType = sourcecode.swift; path = AnniversaryModels.swift; sourceTree = "<group>"; };
		000000000000000000000162 /* AnniversaryDateUtils.swift */ = {isa = PBXFileReference; lastKnownFileType = sourcecode.swift; path = AnniversaryDateUtils.swift; sourceTree = "<group>"; };
		000000000000000000000164 /* AnniversaryStore.swift */ = {isa = PBXFileReference; lastKnownFileType = sourcecode.swift; path = AnniversaryStore.swift; sourceTree = "<group>"; };
		000000000000000000000166 /* AnniversaryHomeView.swift */ = {isa = PBXFileReference; lastKnownFileType = sourcecode.swift; path = AnniversaryHomeView.swift; sourceTree = "<group>"; };
		000000000000000000000168 /* AnniversaryEditors.swift */ = {isa = PBXFileReference; lastKnownFileType = sourcecode.swift; path = AnniversaryEditors.swift; sourceTree = "<group>"; };
		000000000000000000000170 /* QRAssistantModels.swift */ = {isa = PBXFileReference; lastKnownFileType = sourcecode.swift; path = QRAssistantModels.swift; sourceTree = "<group>"; };
		000000000000000000000172 /* QRCodeToolkit.swift */ = {isa = PBXFileReference; lastKnownFileType = sourcecode.swift; path = QRCodeToolkit.swift; sourceTree = "<group>"; };
		000000000000000000000174 /* QRAssistantStore.swift */ = {isa = PBXFileReference; lastKnownFileType = sourcecode.swift; path = QRAssistantStore.swift; sourceTree = "<group>"; };
		000000000000000000000176 /* QRAssistantHomeView.swift */ = {isa = PBXFileReference; lastKnownFileType = sourcecode.swift; path = QRAssistantHomeView.swift; sourceTree = "<group>"; };
		000000000000000000000178 /* QRScannerViews.swift */ = {isa = PBXFileReference; lastKnownFileType = sourcecode.swift; path = QRScannerViews.swift; sourceTree = "<group>"; };
		00000000000000000000017A /* QRRedirectConfigView.swift */ = {isa = PBXFileReference; lastKnownFileType = sourcecode.swift; path = QRRedirectConfigView.swift; sourceTree = "<group>"; };
		000000000000000000000180 /* TranslatorModels.swift */ = {isa = PBXFileReference; lastKnownFileType = sourcecode.swift; path = TranslatorModels.swift; sourceTree = "<group>"; };
		000000000000000000000182 /* TranslatorService.swift */ = {isa = PBXFileReference; lastKnownFileType = sourcecode.swift; path = TranslatorService.swift; sourceTree = "<group>"; };
		000000000000000000000184 /* TranslatorStore.swift */ = {isa = PBXFileReference; lastKnownFileType = sourcecode.swift; path = TranslatorStore.swift; sourceTree = "<group>"; };
		000000000000000000000186 /* TranslatorHomeView.swift */ = {isa = PBXFileReference; lastKnownFileType = sourcecode.swift; path = TranslatorHomeView.swift; sourceTree = "<group>"; };
		000000000000000000000188 /* TranslatorSettingsView.swift */ = {isa = PBXFileReference; lastKnownFileType = sourcecode.swift; path = TranslatorSettingsView.swift; sourceTree = "<group>"; };
		000000000000000000000190 /* CloudflareModels.swift */ = {isa = PBXFileReference; lastKnownFileType = sourcecode.swift; path = CloudflareModels.swift; sourceTree = "<group>"; };
		000000000000000000000192 /* CloudflareService.swift */ = {isa = PBXFileReference; lastKnownFileType = sourcecode.swift; path = CloudflareService.swift; sourceTree = "<group>"; };
		000000000000000000000194 /* CloudflareHomeView.swift */ = {isa = PBXFileReference; lastKnownFileType = sourcecode.swift; path = CloudflareHomeView.swift; sourceTree = "<group>"; };
		000000000000000000000196 /* CloudflareZoneDetailView.swift */ = {isa = PBXFileReference; lastKnownFileType = sourcecode.swift; path = CloudflareZoneDetailView.swift; sourceTree = "<group>"; };
		0000000000000000000001A0 /* CLSModels.swift */ = {isa = PBXFileReference; lastKnownFileType = sourcecode.swift; path = CLSModels.swift; sourceTree = "<group>"; };
		0000000000000000000001A2 /* CLSNewsService.swift */ = {isa = PBXFileReference; lastKnownFileType = sourcecode.swift; path = CLSNewsService.swift; sourceTree = "<group>"; };
		0000000000000000000001A4 /* CLSNewsHomeView.swift */ = {isa = PBXFileReference; lastKnownFileType = sourcecode.swift; path = CLSNewsHomeView.swift; sourceTree = "<group>"; };
		0000000000000000000001B0 /* IPCheckModels.swift */ = {isa = PBXFileReference; lastKnownFileType = sourcecode.swift; path = IPCheckModels.swift; sourceTree = "<group>"; };
		0000000000000000000001B2 /* IPCheckService.swift */ = {isa = PBXFileReference; lastKnownFileType = sourcecode.swift; path = IPCheckService.swift; sourceTree = "<group>"; };
		0000000000000000000001B4 /* IPCheckHomeView.swift */ = {isa = PBXFileReference; lastKnownFileType = sourcecode.swift; path = IPCheckHomeView.swift; sourceTree = "<group>"; };
		000000000000000000000200 /* Assets.xcassets */ = {isa = PBXFileReference; lastKnownFileType = folder.assetcatalog; path = Assets.xcassets; sourceTree = "<group>"; };
		000000000000000000000201 /* Info.plist */ = {isa = PBXFileReference; lastKnownFileType = text.plist.xml; path = Info.plist; sourceTree = "<group>"; };
		000000000000000000000202 /* PersonalToolbox.app */ = {isa = PBXFileReference; explicitFileType = wrapper.application; includeInIndex = 0; path = PersonalToolbox.app; sourceTree = BUILT_PRODUCTS_DIR; };
		000000000000000000000504 /* LocalJSONStore.swift */ = {isa = PBXFileReference; lastKnownFileType = sourcecode.swift; path = LocalJSONStore.swift; sourceTree = "<group>"; };
		000000000000000000000506 /* ActionRouter.swift */ = {isa = PBXFileReference; lastKnownFileType = sourcecode.swift; path = ActionRouter.swift; sourceTree = "<group>"; };
		000000000000000000000508 /* PasswordGenerator.swift */ = {isa = PBXFileReference; lastKnownFileType = sourcecode.swift; path = PasswordGenerator.swift; sourceTree = "<group>"; };
		00000000000000000000050A /* ClipboardStore.swift */ = {isa = PBXFileReference; lastKnownFileType = sourcecode.swift; path = ClipboardStore.swift; sourceTree = "<group>"; };
		00000000000000000000050C /* ServiceHealthService.swift */ = {isa = PBXFileReference; lastKnownFileType = sourcecode.swift; path = ServiceHealthService.swift; sourceTree = "<group>"; };
		00000000000000000000050E /* RSSStore.swift */ = {isa = PBXFileReference; lastKnownFileType = sourcecode.swift; path = RSSStore.swift; sourceTree = "<group>"; };
		000000000000000000000510 /* HabitTodoStore.swift */ = {isa = PBXFileReference; lastKnownFileType = sourcecode.swift; path = HabitTodoStore.swift; sourceTree = "<group>"; };
		000000000000000000000512 /* MarketQuotesService.swift */ = {isa = PBXFileReference; lastKnownFileType = sourcecode.swift; path = MarketQuotesService.swift; sourceTree = "<group>"; };
		000000000000000000000514 /* ExpressService.swift */ = {isa = PBXFileReference; lastKnownFileType = sourcecode.swift; path = ExpressService.swift; sourceTree = "<group>"; };
		000000000000000000000516 /* ToolsHomeViews.swift */ = {isa = PBXFileReference; lastKnownFileType = sourcecode.swift; path = ToolsHomeViews.swift; sourceTree = "<group>"; };

		000000000000000000000519 /* ShareViewController.swift */ = {isa = PBXFileReference; lastKnownFileType = sourcecode.swift; path = ShareViewController.swift; sourceTree = "<group>"; };
		00000000000000000000051A /* Info.plist */ = {isa = PBXFileReference; lastKnownFileType = text.plist.xml; path = Info.plist; sourceTree = "<group>"; };
		00000000000000000000051B /* ShareExtension.entitlements */ = {isa = PBXFileReference; lastKnownFileType = text.plist.entitlements; path = ShareExtension.entitlements; sourceTree = "<group>"; };
		00000000000000000000051C /* ShareExtension.appex */ = {isa = PBXFileReference; explicitFileType = "wrapper.app-extension"; includeInIndex = 0; path = ShareExtension.appex; sourceTree = BUILT_PRODUCTS_DIR; };
		00000000000000000000052B /* ShareHandoff.swift */ = {isa = PBXFileReference; lastKnownFileType = sourcecode.swift; path = ShareHandoff.swift; sourceTree = "<group>"; };
		00000000000000000000052E /* LiveModels.swift */ = {isa = PBXFileReference; lastKnownFileType = sourcecode.swift; path = LiveModels.swift; sourceTree = "<group>"; };
		000000000000000000000530 /* BilibiliLiveService.swift */ = {isa = PBXFileReference; lastKnownFileType = sourcecode.swift; path = BilibiliLiveService.swift; sourceTree = "<group>"; };
		000000000000000000000532 /* LiveHomeView.swift */ = {isa = PBXFileReference; lastKnownFileType = sourcecode.swift; path = LiveHomeView.swift; sourceTree = "<group>"; };
		000000000000000000000570 /* LiveRoomView.swift */ = {isa = PBXFileReference; lastKnownFileType = sourcecode.swift; path = LiveRoomView.swift; sourceTree = "<group>"; };
		000000000000000000000580 /* LiveVLCPlayerView.swift */ = {isa = PBXFileReference; lastKnownFileType = sourcecode.swift; path = LiveVLCPlayerView.swift; sourceTree = "<group>"; };
/* End PBXFileReference section */

/* Begin PBXGroup section */
		000000000000000000000550 /* LiveJS */ = {
			isa = PBXGroup;
			children = (
				00000000000000000000054C /* cryptojs.js */,
				00000000000000000000054E /* abogus.js */,
				000000000000000000000564 /* webmssdk.js */,
			);
			path = LiveJS;
			sourceTree = "<group>";
		};
		000000000000000000000301 /* App */ = {
			isa = PBXGroup;
			children = (
				000000000000000000000101 /* PersonalToolboxApp.swift */,
				000000000000000000000103 /* RootTabView.swift */,
			);
			path = App;
			sourceTree = "<group>";
		};
		000000000000000000000302 /* Core */ = {
			isa = PBXGroup;
			children = (
				000000000000000000000105 /* AppSettings.swift */,
				000000000000000000000107 /* BiometricAuth.swift */,
				000000000000000000000109 /* Haptics.swift */,
				0000000000000000000001C8 /* LocalNotifier.swift */,
				00000000000000000000052B /* ShareHandoff.swift */,
				000000000000000000000504 /* LocalJSONStore.swift */,
				000000000000000000000506 /* ActionRouter.swift */,
				00000000000000000000010B /* KeychainStore.swift */,
				00000000000000000000010D /* NetworkClient.swift */,
				00000000000000000000010F /* SSEParser.swift */,
				000000000000000000000162 /* AnniversaryDateUtils.swift */,
				000000000000000000000172 /* QRCodeToolkit.swift */,
			);
			path = Core;
			sourceTree = "<group>";
		};
		000000000000000000000303 /* Theme */ = {
			isa = PBXGroup;
			children = (
				000000000000000000000153 /* AppleTheme.swift */,
				0000000000000000000001C4 /* SelectableNavTitle.swift */,
				000000000000000000000155 /* ServiceBrandIcon.swift */,
			);
			path = Theme;
			sourceTree = "<group>";
		};
		000000000000000000000304 /* Models */ = {
			isa = PBXGroup;
			children = (
				000000000000000000000139 /* AdminModels.swift */,
				00000000000000000000013B /* ChatModels.swift */,
				00000000000000000000013D /* ConversationEntity.swift */,
				00000000000000000000013F /* DownloadModels.swift */,
				00000000000000000000052E /* LiveModels.swift */,
				000000000000000000000141 /* KomariModels.swift */,
				000000000000000000000143 /* SublinkModels.swift */,
				000000000000000000000160 /* AnniversaryModels.swift */,
				000000000000000000000170 /* QRAssistantModels.swift */,
				000000000000000000000180 /* TranslatorModels.swift */,
				000000000000000000000190 /* CloudflareModels.swift */,
				0000000000000000000001A0 /* CLSModels.swift */,
				0000000000000000000001B0 /* IPCheckModels.swift */,
			);
			path = Models;
			sourceTree = "<group>";
		};
		000000000000000000000305 /* Services */ = {
			isa = PBXGroup;
			children = (
				000000000000000000000145 /* ConversationStore.swift */,
				000000000000000000000147 /* ImagineService.swift */,
				000000000000000000000149 /* KomariService.swift */,
				00000000000000000000014B /* Sub2APIService.swift */,
				00000000000000000000014D /* Sub2AdminService.swift */,
				00000000000000000000014F /* SublinkService.swift */,
				000000000000000000000151 /* YTService.swift */,
				0000000000000000000001C2 /* DouyinService.swift */,
				000000000000000000000530 /* BilibiliLiveService.swift */,
				000000000000000000000540 /* HuyaLiveService.swift */,
				000000000000000000000542 /* DouyuLiveService.swift */,
				000000000000000000000544 /* DouyinLiveService.swift */,
				000000000000000000000546 /* KuaishouLiveService.swift */,
				000000000000000000000548 /* LiveJSEngine.swift */,
				00000000000000000000054A /* LiveCryptoMD5.swift */,
				000000000000000000000572 /* LiveFollowStore.swift */,
				000000000000000000000552 /* LiveDanmakuService.swift */,
				000000000000000000000560 /* LiveTarsCodec.swift */,
				000000000000000000000562 /* LiveProtoWire.swift */,
				000000000000000000000508 /* PasswordGenerator.swift */,
				00000000000000000000050A /* ClipboardStore.swift */,
				00000000000000000000050C /* ServiceHealthService.swift */,
				00000000000000000000050E /* RSSStore.swift */,
				000000000000000000000510 /* HabitTodoStore.swift */,
				000000000000000000000512 /* MarketQuotesService.swift */,
				000000000000000000000514 /* ExpressService.swift */,
				000000000000000000000164 /* AnniversaryStore.swift */,
				000000000000000000000174 /* QRAssistantStore.swift */,
				000000000000000000000182 /* TranslatorService.swift */,
				000000000000000000000184 /* TranslatorStore.swift */,
				000000000000000000000192 /* CloudflareService.swift */,
				0000000000000000000001A2 /* CLSNewsService.swift */,
				0000000000000000000001B2 /* IPCheckService.swift */,
			);
			path = Services;
			sourceTree = "<group>";
		};
		000000000000000000000307 /* Chat */ = {
			isa = PBXGroup;
			children = (
				000000000000000000000111 /* ChatListView.swift */,
				000000000000000000000113 /* ChatThreadView.swift */,
				000000000000000000000115 /* ChatViewModel.swift */,
				000000000000000000000117 /* ImagineComposeView.swift */,
				000000000000000000000119 /* ImagineViewModel.swift */,
				00000000000000000000011B /* MediaBubbleView.swift */,
			);
			path = Chat;
			sourceTree = "<group>";
		};
		000000000000000000000308 /* Download */ = {
			isa = PBXGroup;
			children = (
				00000000000000000000011D /* DownloadHomeView.swift */,
				00000000000000000000011F /* DownloadViewModel.swift */,
				000000000000000000000121 /* FilesListView.swift */,
				000000000000000000000123 /* TaskRowView.swift */,
				0000000000000000000001CA /* SystemVideoPlayer.swift */,
			);
			path = Download;
			sourceTree = "<group>";
		};
		000000000000000000000309 /* Settings */ = {
			isa = PBXGroup;
			children = (
				00000000000000000000012F /* ServiceProbeRow.swift */,
				000000000000000000000131 /* SettingsView.swift */,
				000000000000000000000133 /* SettingsViewModel.swift */,
			);
			path = Settings;
			sourceTree = "<group>";
		};
		00000000000000000000030A /* Monitor */ = {
			isa = PBXGroup;
			children = (
				000000000000000000000129 /* MonitorHomeView.swift */,
				0000000000000000000001C6 /* MonitorShellView.swift */,
				00000000000000000000012B /* MonitorViewModel.swift */,
			);
			path = Monitor;
			sourceTree = "<group>";
		};
		00000000000000000000030B /* ServicesHub */ = {
			isa = PBXGroup;
			children = (
				00000000000000000000012D /* ServicesHubView.swift */,
			);
			path = Services;
			sourceTree = "<group>";
		};
		00000000000000000000030C /* Sublink */ = {
			isa = PBXGroup;
			children = (
				000000000000000000000135 /* SublinkHomeView.swift */,
				000000000000000000000137 /* SublinkViewModel.swift */,
			);
			path = Sublink;
			sourceTree = "<group>";
		};
		00000000000000000000030D /* Komari */ = {
			isa = PBXGroup;
			children = (
				000000000000000000000125 /* KomariHomeView.swift */,
				000000000000000000000127 /* KomariViewModel.swift */,
			);
			path = Komari;
			sourceTree = "<group>";
		};
		000000000000000000000311 /* Anniversary */ = {
			isa = PBXGroup;
			children = (
				000000000000000000000166 /* AnniversaryHomeView.swift */,
				000000000000000000000168 /* AnniversaryEditors.swift */,
			);
			path = Anniversary;
			sourceTree = "<group>";
		};
		000000000000000000000312 /* QRAssistant */ = {
			isa = PBXGroup;
			children = (
				000000000000000000000176 /* QRAssistantHomeView.swift */,
				000000000000000000000178 /* QRScannerViews.swift */,
				00000000000000000000017A /* QRRedirectConfigView.swift */,
			);
			path = QRAssistant;
			sourceTree = "<group>";
		};
		000000000000000000000313 /* Translator */ = {
			isa = PBXGroup;
			children = (
				000000000000000000000186 /* TranslatorHomeView.swift */,
				000000000000000000000188 /* TranslatorSettingsView.swift */,
			);
			path = Translator;
			sourceTree = "<group>";
		};
		000000000000000000000314 /* Cloudflare */ = {
			isa = PBXGroup;
			children = (
				000000000000000000000194 /* CloudflareHomeView.swift */,
				000000000000000000000196 /* CloudflareZoneDetailView.swift */,
			);
			path = Cloudflare;
			sourceTree = "<group>";
		};
		000000000000000000000315 /* CLSNews */ = {
			isa = PBXGroup;
			children = (
				0000000000000000000001A4 /* CLSNewsHomeView.swift */,
			);
			path = CLSNews;
			sourceTree = "<group>";
		};
		000000000000000000000316 /* IPCheck */ = {
			isa = PBXGroup;
			children = (
				0000000000000000000001B4 /* IPCheckHomeView.swift */,
			);
			path = IPCheck;
			sourceTree = "<group>";
		};
		000000000000000000000306 /* Features */ = {
			isa = PBXGroup;
			children = (
				000000000000000000000534 /* Live */,
				000000000000000000000518 /* Tools */,
				000000000000000000000307 /* Chat */,
				00000000000000000000030A /* Monitor */,
				00000000000000000000030B /* ServicesHub */,
				00000000000000000000030C /* Sublink */,
				00000000000000000000030D /* Komari */,
				000000000000000000000311 /* Anniversary */,
				000000000000000000000312 /* QRAssistant */,
				000000000000000000000313 /* Translator */,
				000000000000000000000314 /* Cloudflare */,
				000000000000000000000315 /* CLSNews */,
				000000000000000000000316 /* IPCheck */,
				000000000000000000000308 /* Download */,
				000000000000000000000309 /* Settings */,
			);
			path = Features;
			sourceTree = "<group>";
		};
		00000000000000000000030E /* Resources */ = {
			isa = PBXGroup;
			children = (
				000000000000000000000550 /* LiveJS */,
				000000000000000000000200 /* Assets.xcassets */,
				000000000000000000000201 /* Info.plist */,
			);
			path = Resources;
			sourceTree = "<group>";
		};
		000000000000000000000310 /* PersonalToolbox */ = {
			isa = PBXGroup;
			children = (
				000000000000000000000301 /* App */,
				000000000000000000000302 /* Core */,
				000000000000000000000303 /* Theme */,
				000000000000000000000304 /* Models */,
				000000000000000000000305 /* Services */,
				000000000000000000000520 /* ShareExtension */,
				000000000000000000000306 /* Features */,
				00000000000000000000030E /* Resources */,
			);
			path = PersonalToolbox;
			sourceTree = "<group>";
		};
		00000000000000000000030F /* Products */ = {
			isa = PBXGroup;
			children = (
				000000000000000000000202 /* PersonalToolbox.app */,
				00000000000000000000051C /* ShareExtension.appex */,
			);
			sourceTree = "<group>";
		};
		000000000000000000000300 /*  */ = {
			isa = PBXGroup;
			children = (
				000000000000000000000310 /* PersonalToolbox */,
				00000000000000000000030F /* Products */,
			);
			sourceTree = "<group>";
		};
		000000000000000000000518 /* Tools */ = {
			isa = PBXGroup;
			children = (
				000000000000000000000516 /* ToolsHomeViews.swift */,
			);
			path = Tools;
			sourceTree = "<group>";
		};

		000000000000000000000520 /* ShareExtension */ = {
			isa = PBXGroup;
			children = (
				000000000000000000000519 /* ShareViewController.swift */,
				00000000000000000000051A /* Info.plist */,
				00000000000000000000051B /* ShareExtension.entitlements */,
			);
			path = ShareExtension;
			sourceTree = "<group>";
		};
		000000000000000000000534 /* Live */ = {
			isa = PBXGroup;
			children = (
				000000000000000000000532 /* LiveHomeView.swift */,
				000000000000000000000570 /* LiveRoomView.swift */,
				000000000000000000000580 /* LiveVLCPlayerView.swift */,
			);
			path = Live;
			sourceTree = "<group>";
		};
/* End PBXGroup section */

/* Begin PBXNativeTarget section */
		000000000000000000000203 /* PersonalToolbox */ = {
			isa = PBXNativeTarget;
			buildConfigurationList = 000000000000000000000400 /* Build configuration list for PBXNativeTarget "PersonalToolbox" */;
			buildPhases = (
				00000000000000000000052A /* Embed Foundation Extensions */,
				000000000000000000000205 /* Sources */,
				000000000000000000000207 /* Frameworks */,
				000000000000000000000206 /* Resources */,
			);
			buildRules = ();
			dependencies = (
				000000000000000000000529 /* PBXTargetDependency */,);
			name = PersonalToolbox;
			productName = PersonalToolbox;
			productReference = 000000000000000000000202 /* PersonalToolbox.app */;
			productType = "com.apple.product-type.application";
		};

		000000000000000000000524 /* ShareExtension */ = {
			isa = PBXNativeTarget;
			buildConfigurationList = 000000000000000000000525 /* Build configuration list for PBXNativeTarget "ShareExtension" */;
			buildPhases = (
				000000000000000000000521 /* Sources */,
				000000000000000000000523 /* Frameworks */,
				000000000000000000000522 /* Resources */,
			);
			buildRules = (
			);
			dependencies = (
			);
			name = ShareExtension;
			productName = ShareExtension;
			productReference = 00000000000000000000051C /* ShareExtension.appex */;
			productType = "com.apple.product-type.app-extension";
		};
/* End PBXNativeTarget section */
/* Begin PBXTargetDependency section */

		000000000000000000000528 /* PBXContainerItemProxy */ = {
			isa = PBXContainerItemProxy;
			containerPortal = 000000000000000000000204 /* Project object */;
			proxyType = 1;
			remoteGlobalIDString = 000000000000000000000524;
			remoteInfo = ShareExtension;
		};
		000000000000000000000529 /* PBXTargetDependency */ = {
			isa = PBXTargetDependency;
			target = 000000000000000000000524 /* ShareExtension */;
			targetProxy = 000000000000000000000528 /* PBXContainerItemProxy */;
		};
/* End PBXTargetDependency section */


/* Begin PBXProject section */
		000000000000000000000204 /* Project object */ = {
			isa = PBXProject;
			attributes = { BuildIndependentTargetsInParallel = 1; LastSwiftUpdateCheck = 1540; LastUpgradeCheck = 1540; };
			buildConfigurationList = 000000000000000000000401 /* Build configuration list for PBXProject "PersonalToolbox" */;
			compatibilityVersion = "Xcode 14.0";
			developmentRegion = en;
			hasScannedForEncodings = 0;
			knownRegions = ( en, Base, );
			mainGroup = 000000000000000000000300;
			productRefGroup = 00000000000000000000030F /* Products */;
			projectDirPath = "";
			projectRoot = "";
			targets = (
				000000000000000000000203 /* PersonalToolbox */,
				000000000000000000000524 /* ShareExtension */,
			);
		};
/* End PBXProject section */

/* Begin PBXResourcesBuildPhase section */
		000000000000000000000206 /* Resources */ = { isa = PBXResourcesBuildPhase; buildActionMask = 2147483647; files = ( 000000000000000000000208 /* Assets.xcassets in Resources */,  00000000000000000000054D /* cryptojs.js in Resources */, 00000000000000000000054F /* abogus.js in Resources */,); runOnlyForDeploymentPostprocessing = 0; };
/* End PBXResourcesBuildPhase section */

/* Begin PBXFrameworksBuildPhase section */
		000000000000000000000207 /* Frameworks */ = { isa = PBXFrameworksBuildPhase; buildActionMask = 2147483647; files = ( ); runOnlyForDeploymentPostprocessing = 0; };
/* End PBXFrameworksBuildPhase section */

/* Begin PBXSourcesBuildPhase section */
		000000000000000000000205 /* Sources */ = {
			isa = PBXSourcesBuildPhase;
			buildActionMask = 2147483647;
			files = (
				000000000000000000000102 /* PersonalToolboxApp.swift in Sources */,
				000000000000000000000104 /* RootTabView.swift in Sources */,
				000000000000000000000106 /* AppSettings.swift in Sources */,
				000000000000000000000108 /* BiometricAuth.swift in Sources */,
				00000000000000000000010A /* Haptics.swift in Sources */,
				0000000000000000000001C9 /* LocalNotifier.swift in Sources */,				000000000000000000000533 /* LiveHomeView.swift in Sources */,				00000000000000000000052C /* ShareHandoff.swift in Sources */,
				000000000000000000000505 /* LocalJSONStore.swift in Sources */,
				000000000000000000000507 /* ActionRouter.swift in Sources */,
				000000000000000000000509 /* PasswordGenerator.swift in Sources */,
				00000000000000000000050B /* ClipboardStore.swift in Sources */,
				00000000000000000000050D /* ServiceHealthService.swift in Sources */,
				00000000000000000000050F /* RSSStore.swift in Sources */,
				000000000000000000000511 /* HabitTodoStore.swift in Sources */,
				000000000000000000000513 /* MarketQuotesService.swift in Sources */,
				000000000000000000000515 /* ExpressService.swift in Sources */,
				000000000000000000000517 /* ToolsHomeViews.swift in Sources */,
				00000000000000000000010C /* KeychainStore.swift in Sources */,
				00000000000000000000010E /* NetworkClient.swift in Sources */,
				000000000000000000000110 /* SSEParser.swift in Sources */,
				000000000000000000000112 /* ChatListView.swift in Sources */,
				000000000000000000000114 /* ChatThreadView.swift in Sources */,
				000000000000000000000116 /* ChatViewModel.swift in Sources */,
				000000000000000000000118 /* ImagineComposeView.swift in Sources */,
				00000000000000000000011A /* ImagineViewModel.swift in Sources */,
				00000000000000000000011C /* MediaBubbleView.swift in Sources */,
				00000000000000000000011E /* DownloadHomeView.swift in Sources */,
				000000000000000000000120 /* DownloadViewModel.swift in Sources */,
				0000000000000000000001CB /* SystemVideoPlayer.swift in Sources */,
				000000000000000000000122 /* FilesListView.swift in Sources */,
				000000000000000000000124 /* TaskRowView.swift in Sources */,
				000000000000000000000126 /* KomariHomeView.swift in Sources */,
				000000000000000000000128 /* KomariViewModel.swift in Sources */,
				00000000000000000000012A /* MonitorHomeView.swift in Sources */,
				00000000000000000000012C /* MonitorViewModel.swift in Sources */,
				00000000000000000000012E /* ServicesHubView.swift in Sources */,
				000000000000000000000130 /* ServiceProbeRow.swift in Sources */,
				000000000000000000000132 /* SettingsView.swift in Sources */,
				000000000000000000000134 /* SettingsViewModel.swift in Sources */,
				000000000000000000000136 /* SublinkHomeView.swift in Sources */,
				000000000000000000000138 /* SublinkViewModel.swift in Sources */,
				00000000000000000000013A /* AdminModels.swift in Sources */,
				00000000000000000000013C /* ChatModels.swift in Sources */,
				00000000000000000000013E /* ConversationEntity.swift in Sources */,
				000000000000000000000140 /* DownloadModels.swift in Sources */,
				000000000000000000000142 /* KomariModels.swift in Sources */,
				000000000000000000000144 /* SublinkModels.swift in Sources */,
				000000000000000000000146 /* ConversationStore.swift in Sources */,
				000000000000000000000148 /* ImagineService.swift in Sources */,
				00000000000000000000014A /* KomariService.swift in Sources */,
				00000000000000000000014C /* Sub2APIService.swift in Sources */,
				00000000000000000000014E /* Sub2AdminService.swift in Sources */,
				000000000000000000000150 /* SublinkService.swift in Sources */,
				000000000000000000000152 /* YTService.swift in Sources */,
				0000000000000000000001C3 /* DouyinService.swift in Sources */,
				000000000000000000000154 /* AppleTheme.swift in Sources */,
				0000000000000000000001C5 /* SelectableNavTitle.swift in Sources */,
				000000000000000000000156 /* ServiceBrandIcon.swift in Sources */,
				0000000000000000000001C7 /* MonitorShellView.swift in Sources */,
				000000000000000000000161 /* AnniversaryModels.swift in Sources */,
				000000000000000000000163 /* AnniversaryDateUtils.swift in Sources */,
				000000000000000000000165 /* AnniversaryStore.swift in Sources */,
				000000000000000000000167 /* AnniversaryHomeView.swift in Sources */,
				000000000000000000000169 /* AnniversaryEditors.swift in Sources */,
				000000000000000000000171 /* QRAssistantModels.swift in Sources */,
				000000000000000000000173 /* QRCodeToolkit.swift in Sources */,
				000000000000000000000175 /* QRAssistantStore.swift in Sources */,
				000000000000000000000177 /* QRAssistantHomeView.swift in Sources */,
				000000000000000000000179 /* QRScannerViews.swift in Sources */,
				00000000000000000000017B /* QRRedirectConfigView.swift in Sources */,
				000000000000000000000181 /* TranslatorModels.swift in Sources */,
				000000000000000000000183 /* TranslatorService.swift in Sources */,
				000000000000000000000185 /* TranslatorStore.swift in Sources */,
				000000000000000000000187 /* TranslatorHomeView.swift in Sources */,
				000000000000000000000189 /* TranslatorSettingsView.swift in Sources */,
				000000000000000000000191 /* CloudflareModels.swift in Sources */,
				000000000000000000000193 /* CloudflareService.swift in Sources */,
				000000000000000000000195 /* CloudflareHomeView.swift in Sources */,
				000000000000000000000197 /* CloudflareZoneDetailView.swift in Sources */,
				0000000000000000000001A1 /* CLSModels.swift in Sources */,
				0000000000000000000001A3 /* CLSNewsService.swift in Sources */,
				0000000000000000000001A5 /* CLSNewsHomeView.swift in Sources */,
				0000000000000000000001B1 /* IPCheckModels.swift in Sources */,
				0000000000000000000001B3 /* IPCheckService.swift in Sources */,
				0000000000000000000001B5 /* IPCheckHomeView.swift in Sources */,
			
				00000000000000000000052F /* LiveModels.swift in Sources */,
				000000000000000000000541 /* HuyaLiveService.swift in Sources */,
				000000000000000000000543 /* DouyuLiveService.swift in Sources */,
				000000000000000000000545 /* DouyinLiveService.swift in Sources */,
				000000000000000000000547 /* KuaishouLiveService.swift in Sources */,
				000000000000000000000549 /* LiveJSEngine.swift in Sources */,
				00000000000000000000054B /* LiveCryptoMD5.swift in Sources */,
				000000000000000000000571 /* LiveRoomView.swift in Sources */,
				000000000000000000000581 /* LiveVLCPlayerView.swift in Sources */,
				000000000000000000000573 /* LiveFollowStore.swift in Sources */,);
			runOnlyForDeploymentPostprocessing = 0;
		};

		000000000000000000000521 /* Sources */ = {
			isa = PBXSourcesBuildPhase;
			buildActionMask = 2147483647;
			files = (
				00000000000000000000051D /* ShareViewController.swift in Sources */,
				00000000000000000000052D /* ShareHandoff.swift in Sources */,
			);
			runOnlyForDeploymentPostprocessing = 0;
		};
		000000000000000000000523 /* Frameworks */ = {
			isa = PBXFrameworksBuildPhase;
			buildActionMask = 2147483647;
			files = (
			);
			runOnlyForDeploymentPostprocessing = 0;
		};
		000000000000000000000522 /* Resources */ = {
			isa = PBXResourcesBuildPhase;
			buildActionMask = 2147483647;
			files = (
			);
			runOnlyForDeploymentPostprocessing = 0;
		};
		00000000000000000000052A /* Embed Foundation Extensions */ = {
			isa = PBXCopyFilesBuildPhase;
			buildActionMask = 2147483647;
			dstPath = "";
			dstSubfolderSpec = 13;
			files = (
				00000000000000000000051F /* ShareExtension.appex in Embed Foundation Extensions */,
			);
			name = "Embed Foundation Extensions";
			runOnlyForDeploymentPostprocessing = 0;
		};
/* End PBXSourcesBuildPhase section */

/* Begin XCBuildConfiguration section */
		000000000000000000000500 /* Debug */ = {
			isa = XCBuildConfiguration;
			buildSettings = {
				ALWAYS_SEARCH_USER_PATHS = NO;
				CLANG_ENABLE_MODULES = YES;
				IPHONEOS_DEPLOYMENT_TARGET = 17.0;
				SDKROOT = iphoneos;
				ONLY_ACTIVE_ARCH = YES;
				SWIFT_OPTIMIZATION_LEVEL = "-Onone";
				SWIFT_ACTIVE_COMPILATION_CONDITIONS = "DEBUG $(inherited)";
			};
			name = Debug;
		};
		000000000000000000000501 /* Release */ = {
			isa = XCBuildConfiguration;
			buildSettings = {
				ALWAYS_SEARCH_USER_PATHS = NO;
				CLANG_ENABLE_MODULES = YES;
				IPHONEOS_DEPLOYMENT_TARGET = 17.0;
				SDKROOT = iphoneos;
				SWIFT_COMPILATION_MODE = wholemodule;
				VALIDATE_PRODUCT = YES;
			};
			name = Release;
		};
		000000000000000000000502 /* Debug */ = {
			isa = XCBuildConfiguration;
			buildSettings = {
				ASSETCATALOG_COMPILER_APPICON_NAME = AppIcon;
				CODE_SIGN_IDENTITY = "iPhone Distribution";
				"CODE_SIGN_IDENTITY[sdk=iphoneos*]" = "iPhone Distribution";
				CODE_SIGN_STYLE = Manual;
				CURRENT_PROJECT_VERSION = 33;
				DEVELOPMENT_TEAM = CTSQLK944L;
				ENABLE_PREVIEWS = YES;
				CODE_SIGN_ENTITLEMENTS = PersonalToolbox/PersonalToolbox.entitlements;
				GENERATE_INFOPLIST_FILE = NO;
				INFOPLIST_FILE = PersonalToolbox/Resources/Info.plist;
				IPHONEOS_DEPLOYMENT_TARGET = 17.0;
				LD_RUNPATH_SEARCH_PATHS = ( "$(inherited)", "@executable_path/Frameworks", );
				MARKETING_VERSION = 3.4;
				PRODUCT_BUNDLE_IDENTIFIER = app.parsnip6345.lake8262;
				PRODUCT_NAME = "$(TARGET_NAME)";
				PROVISIONING_PROFILE_SPECIFIER = "00008150-001A088E148B401C6F01CD";
				"PROVISIONING_PROFILE_SPECIFIER[sdk=iphoneos*]" = "00008150-001A088E148B401C6F01CD";
				SUPPORTED_PLATFORMS = "iphoneos iphonesimulator";
				SWIFT_VERSION = 5.0;
				TARGETED_DEVICE_FAMILY = "1,2";
			};
			name = Debug;
		};
		000000000000000000000503 /* Release */ = {
			isa = XCBuildConfiguration;
			buildSettings = {
				ASSETCATALOG_COMPILER_APPICON_NAME = AppIcon;
				CODE_SIGN_IDENTITY = "iPhone Distribution";
				"CODE_SIGN_IDENTITY[sdk=iphoneos*]" = "iPhone Distribution";
				CODE_SIGN_STYLE = Manual;
				CURRENT_PROJECT_VERSION = 33;
				DEVELOPMENT_TEAM = CTSQLK944L;
				ENABLE_PREVIEWS = YES;
				CODE_SIGN_ENTITLEMENTS = PersonalToolbox/PersonalToolbox.entitlements;
				GENERATE_INFOPLIST_FILE = NO;
				INFOPLIST_FILE = PersonalToolbox/Resources/Info.plist;
				IPHONEOS_DEPLOYMENT_TARGET = 17.0;
				LD_RUNPATH_SEARCH_PATHS = ( "$(inherited)", "@executable_path/Frameworks", );
				MARKETING_VERSION = 3.4;
				PRODUCT_BUNDLE_IDENTIFIER = app.parsnip6345.lake8262;
				PRODUCT_NAME = "$(TARGET_NAME)";
				PROVISIONING_PROFILE_SPECIFIER = "00008150-001A088E148B401C6F01CD";
				"PROVISIONING_PROFILE_SPECIFIER[sdk=iphoneos*]" = "00008150-001A088E148B401C6F01CD";
				SUPPORTED_PLATFORMS = "iphoneos iphonesimulator";
				SWIFT_VERSION = 5.0;
				TARGETED_DEVICE_FAMILY = "1,2";
			};
			name = Release;
		};

		000000000000000000000526 /* Debug */ = {
			isa = XCBuildConfiguration;
			buildSettings = {
				CODE_SIGN_ENTITLEMENTS = ShareExtension/ShareExtension.entitlements;
				CODE_SIGN_IDENTITY = "iPhone Distribution";
				CODE_SIGN_STYLE = Manual;
				CURRENT_PROJECT_VERSION = 33;
				DEVELOPMENT_TEAM = CTSQLK944L;
				GENERATE_INFOPLIST_FILE = NO;
				INFOPLIST_FILE = ShareExtension/Info.plist;
				IPHONEOS_DEPLOYMENT_TARGET = 17.0;
				LD_RUNPATH_SEARCH_PATHS = (
					"$(inherited)",
					"@executable_path/Frameworks",
					"@executable_path/../../Frameworks",
				);
				MARKETING_VERSION = 3.4;
				PRODUCT_BUNDLE_IDENTIFIER = app.parsnip6345.lake8262.share;
				PRODUCT_NAME = "$(TARGET_NAME)";
				SKIP_INSTALL = YES;
				SWIFT_VERSION = 5.0;
				TARGETED_DEVICE_FAMILY = "1,2";
			};
			name = Debug;
		};
		000000000000000000000527 /* Release */ = {
			isa = XCBuildConfiguration;
			buildSettings = {
				CODE_SIGN_ENTITLEMENTS = ShareExtension/ShareExtension.entitlements;
				CODE_SIGN_IDENTITY = "iPhone Distribution";
				CODE_SIGN_STYLE = Manual;
				CURRENT_PROJECT_VERSION = 33;
				DEVELOPMENT_TEAM = CTSQLK944L;
				GENERATE_INFOPLIST_FILE = NO;
				INFOPLIST_FILE = ShareExtension/Info.plist;
				IPHONEOS_DEPLOYMENT_TARGET = 17.0;
				LD_RUNPATH_SEARCH_PATHS = (
					"$(inherited)",
					"@executable_path/Frameworks",
					"@executable_path/../../Frameworks",
				);
				MARKETING_VERSION = 3.4;
				PRODUCT_BUNDLE_IDENTIFIER = app.parsnip6345.lake8262.share;
				PRODUCT_NAME = "$(TARGET_NAME)";
				SKIP_INSTALL = YES;
				SWIFT_VERSION = 5.0;
				TARGETED_DEVICE_FAMILY = "1,2";
			};
			name = Release;
		};
/* End XCBuildConfiguration section */

/* Begin XCConfigurationList section */
		000000000000000000000400 /* Build configuration list for PBXNativeTarget "PersonalToolbox" */ = { isa = XCConfigurationList; buildConfigurations = ( 000000000000000000000502 /* Debug */, 000000000000000000000503 /* Release */, ); defaultConfigurationIsVisible = 0; defaultConfigurationName = Release; };
		000000000000000000000401 /* Build configuration list for PBXProject "PersonalToolbox" */ = { isa = XCConfigurationList; buildConfigurations = ( 000000000000000000000500 /* Debug */, 000000000000000000000501 /* Release */, ); defaultConfigurationIsVisible = 0; defaultConfigurationName = Release; };

		000000000000000000000525 /* Build configuration list for PBXNativeTarget "ShareExtension" */ = {
			isa = XCConfigurationList;
			buildConfigurations = (
				000000000000000000000526 /* Debug */,
				000000000000000000000527 /* Release */,
			);
			defaultConfigurationIsVisible = 0;
			defaultConfigurationName = Release;
		};
/* End XCConfigurationList section */
	};
	rootObject = 000000000000000000000204 /* Project object */;
}
